{
  "nodes": {
    "home-manager": {
      "inputs": {
        "nixpkgs": [
          "nixpkgs"
        ]
      },
      "locked": {
        "lastModified": 1790911008,
        "narHash": "sha256-r7KBcjLlw7LzuvCYUU1V50L81uf+0YgHTCnhymTwwpw=",
        "owner": "nix-community",
        "repo": "home-manager",
        "rev": "a439f71e75b94c88300022045713c790c79ba007",
        "type": "github"
      },
      "original": {
        "owner": "nix-community",
        "repo": "home-manager",
        "type": "github"
      }
    },
    "nixpkgs": {
      "locked": {
        "lastModified": 1790822859,
        "narHash": "sha256-69xHQhAeMAD2wDXO7T2pcOZIF9Sga2W+JkmY2a11Ops=",
        "owner": "nixos",
        "repo": "nixpkgs",
        "rev": "c59305bab2065cfecc4944690d9eedbb56f3a9fa",
        "type": "github"
      },
      "original": {
        "owner": "nixos",
        "ref": "nixos-unstable",
        "repo": "nixpkgs",
        "type": "github"
      }
    },
    "root": {
      "inputs": {
        "home-manager": "home-manager",
        "nixpkgs": "nixpkgs",
        "x1e-nixos-config": "x1e-nixos-config"
      }
    },
    "x1e-nixos-config": {
      "inputs": {
        "nixpkgs": [
          "nixpkgs"
        ]
      },
      "locked": {
        "lastModified": 1784626139,
        "narHash": "sha256-nRRlnGDNHB4yRqsWK5pYX89nV8J+l1uPMFOoWPjq6LA=",
        "owner": "kuruczgy",
        "repo": "x1e-nixos-config",
        "rev": "0b46072347252f83d40439f4a95d9d1fa37d6cf8",
        "type": "github"
      },
      "original": {
        "owner": "kuruczgy",
        "repo": "x1e-nixos-config",
        "type": "github"
      }
    }
  },
  "root": "root",
  "version": 7
}
